PODS:
  - CTAssetsPickerController (3.3.2):
    - PureLayout (~> 3.0.0)
  - PureLayout (3.0.2)

DEPENDENCIES:
  - CTAssetsPickerController (from `.`)

EXTERNAL SOURCES:
  CTAssetsPickerController:
    :path: .

SPEC CHECKSUMS:
  CTAssetsPickerController: c745b4994c2aeed39f48d230ec46428c3c2c6893
  PureLayout: 4d550abe49a94f24c2808b9b95db9131685fe4cd

PODFILE CHECKSUM: 6251a4f2e0d26a19aa7f3b3630aef31f0ae26d34

COCOAPODS: 1.0.1
